{
  "version": "4",
  "specifiers": {
    "jsr:@std/data-structures@*": "1.0.5"
  },
  "jsr": {
    "@std/data-structures@1.0.5": {
      "integrity": "86dd5c2d6365a6ad56e9103b3a877c5d5ade238c68ae463acfe0eb0e56d40783"
    }
  },
  "workspace": {
    "dependencies": [
      "jsr:@std/assert@1"
    ]
  }
}
